
Microsoft Visual Studio Solution File, Format Version 12.00
# Visual Studio Version 17
VisualStudioVersion = 17.9.34728.123
MinimumVisualStudioVersion = 10.0.40219.1
Project("{FAE04EC0-301F-11D3-BF4B-00C04F79EFBC}") = "Project_Fire", "Project_Fire.csproj", "{67A902DB-1D31-4D0D-872B-B71067C3F13D}"
EndProject
Global
	GlobalSection(SolutionConfigurationPlatforms) = preSolution
		Debug|Any CPU = Debug|Any CPU
		Release|Any CPU = Release|Any CPU
	EndGlobalSection
	GlobalSection(ProjectConfigurationPlatforms) = postSolution
		{67A902DB-1D31-4D0D-872B-B71067C3F13D}.Debug|Any CPU.ActiveCfg = Debug|Any CPU
		{67A902DB-1D31-4D0D-872B-B71067C3F13D}.Debug|Any CPU.Build.0 = Debug|Any CPU
		{67A902DB-1D31-4D0D-872B-B71067C3F13D}.Release|Any CPU.ActiveCfg = Release|Any CPU
		{67A902DB-1D31-4D0D-872B-B71067C3F13D}.Release|Any CPU.Build.0 = Release|Any CPU
	EndGlobalSection
	GlobalSection(SolutionProperties) = preSolution
		HideSolutionNode = FALSE
	EndGlobalSection
	GlobalSection(ExtensibilityGlobals) = postSolution
		SolutionGuid = {5BCB0EBB-9EC5-48E3-961B-14991AAE86BF}
	EndGlobalSection
EndGlobal
